
Microsoft Visual Studio Solution File, Format Version 12.00
# Visual Studio Version 17
VisualStudioVersion = 17.0.32014.148
MinimumVisualStudioVersion = 10.0.40219.1
Project("{FAE04EC0-301F-11D3-BF4B-00C04F79EFBC}") = "BinarySearchTrees", "BinarySearchTrees.csproj", "{C64E7C0F-D9DD-4C0B-B47B-A760BB0EBA86}"
EndProject
Global
	GlobalSection(SolutionConfigurationPlatforms) = preSolution
		Debug|Any CPU = Debug|Any CPU
		Release|Any CPU = Release|Any CPU
	EndGlobalSection
	GlobalSection(ProjectConfigurationPlatforms) = postSolution
		{C64E7C0F-D9DD-4C0B-B47B-A760BB0EBA86}.Debug|Any CPU.ActiveCfg = Debug|Any CPU
		{C64E7C0F-D9DD-4C0B-B47B-A760BB0EBA86}.Debug|Any CPU.Build.0 = Debug|Any CPU
		{C64E7C0F-D9DD-4C0B-B47B-A760BB0EBA86}.Release|Any CPU.ActiveCfg = Release|Any CPU
		{C64E7C0F-D9DD-4C0B-B47B-A760BB0EBA86}.Release|Any CPU.Build.0 = Release|Any CPU
	EndGlobalSection
	GlobalSection(SolutionProperties) = preSolution
		HideSolutionNode = FALSE
	EndGlobalSection
	GlobalSection(ExtensibilityGlobals) = postSolution
		SolutionGuid = {409C4E1D-D5A0-4776-A802-6906BAEA831B}
	EndGlobalSection
EndGlobal
